
Microsoft Visual Studio Solution File, Format Version 12.00
# Visual Studio Version 17
VisualStudioVersion = 17.6.33723.286
MinimumVisualStudioVersion = 10.0.40219.1
Project("{FAE04EC0-301F-11D3-BF4B-00C04F79EFBC}") = "SnapHub", "SnapHub\SnapHub.csproj", "{F5061E23-3CEE-442D-ABB6-2C49847E1127}"
EndProject
Global
	GlobalSection(SolutionConfigurationPlatforms) = preSolution
		Debug|Any CPU = Debug|Any CPU
		Release|Any CPU = Release|Any CPU
	EndGlobalSection
	GlobalSection(ProjectConfigurationPlatforms) = postSolution
		{F5061E23-3CEE-442D-ABB6-2C49847E1127}.Debug|Any CPU.ActiveCfg = Debug|Any CPU
		{F5061E23-3CEE-442D-ABB6-2C49847E1127}.Debug|Any CPU.Build.0 = Debug|Any CPU
		{F5061E23-3CEE-442D-ABB6-2C49847E1127}.Release|Any CPU.ActiveCfg = Release|Any CPU
		{F5061E23-3CEE-442D-ABB6-2C49847E1127}.Release|Any CPU.Build.0 = Release|Any CPU
	EndGlobalSection
	GlobalSection(SolutionProperties) = preSolution
		HideSolutionNode = FALSE
	EndGlobalSection
	GlobalSection(ExtensibilityGlobals) = postSolution
		SolutionGuid = {AB862CD9-EE19-4248-B870-0F9B830D3CC7}
	EndGlobalSection
EndGlobal
